// !$*UTF8*$!
{
	archiveVersion = 1;
	classes = {
	};
	objectVersion = 51;
	objects = {

/* Begin PBXBuildFile section */
		93ABC30EEFCD3B8D6E3A3063 /* Pods_SwiftUIAnimations.framework in Frameworks */ = {isa = PBXBuildFile; fileRef = 8F162DE1EF1BB98C93E0AE64 /* Pods_SwiftUIAnimations.framework */; };
		A101BF0125AB831B008D90A0 /* CircularPath.swift in Sources */ = {isa = PBXBuildFile; fileRef = A101BF0025AB831B008D90A0 /* CircularPath.swift */; };
		A107C62F25A3760E00A46F9A /* SwiftUIAnimationsApp.swift in Sources */ = {isa = PBXBuildFile; fileRef = A107C62E25A3760E00A46F9A /* SwiftUIAnimationsApp.swift */; };
		A107C63125A3760E00A46F9A /* OpacityAnimation.swift in Sources */ = {isa = PBXBuildFile; fileRef = A107C63025A3760E00A46F9A /* OpacityAnimation.swift */; };
		A107C63325A3761000A46F9A /* Assets.xcassets in Resources */ = {isa = PBXBuildFile; fileRef = A107C63225A3761000A46F9A /* Assets.xcassets */; };
		A107C63625A3761000A46F9A /* Preview Assets.xcassets in Resources */ = {isa = PBXBuildFile; fileRef = A107C63525A3761000A46F9A /* Preview Assets.xcassets */; };
		A107C64525A3835300A46F9A /* ShapeAnimation.swift in Sources */ = {isa = PBXBuildFile; fileRef = A107C64425A3835300A46F9A /* ShapeAnimation.swift */; };
		A121DABD25ACB6510055601A /* Counter.swift in Sources */ = {isa = PBXBuildFile; fileRef = A121DABC25ACB6510055601A /* Counter.swift */; };
		A15BAA4225A6690700E18A70 /* LoadingSpinner.swift in Sources */ = {isa = PBXBuildFile; fileRef = A15BAA4125A6690700E18A70 /* LoadingSpinner.swift */; };
		A15BAA4525A66D6E00E18A70 /* ProgressCircle.swift in Sources */ = {isa = PBXBuildFile; fileRef = A15BAA4425A66D6E00E18A70 /* ProgressCircle.swift */; };
		A19849D125A3CF71001C9D73 /* NewYearAnimation.swift in Sources */ = {isa = PBXBuildFile; fileRef = A19849D025A3CF71001C9D73 /* NewYearAnimation.swift */; };
		A19849D725A3D84F001C9D73 /* LottieView.swift in Sources */ = {isa = PBXBuildFile; fileRef = A19849D625A3D84F001C9D73 /* LottieView.swift */; };
		A19849E425A3DE10001C9D73 /* fireworks3.json in Resources */ = {isa = PBXBuildFile; fileRef = A19849E325A3DE10001C9D73 /* fireworks3.json */; };
		A1DCC93F25A4F3C200E0EDA9 /* TimerWithCombine.swift in Sources */ = {isa = PBXBuildFile; fileRef = A1DCC93E25A4F3C200E0EDA9 /* TimerWithCombine.swift */; };
		A1F5A66C25AF93AC00A86C9C /* PopularityView.swift in Sources */ = {isa = PBXBuildFile; fileRef = A1F5A66B25AF93AC00A86C9C /* PopularityView.swift */; };
/* End PBXBuildFile section */

/* Begin PBXFileReference section */
		0CB0439BDFDAC12AD111BCEF /* Pods-SwiftUIAnimations.debug.xcconfig */ = {isa = PBXFileReference; includeInIndex = 1; lastKnownFileType = text.xcconfig; name = "Pods-SwiftUIAnimations.debug.xcconfig"; path = "Target Support Files/Pods-SwiftUIAnimations/Pods-SwiftUIAnimations.debug.xcconfig"; sourceTree = "<group>"; };
		17CF496C294990B7252382B4 /* Pods-SwiftUIAnimations.release.xcconfig */ = {isa = PBXFileReference; includeInIndex = 1; lastKnownFileType = text.xcconfig; name = "Pods-SwiftUIAnimations.release.xcconfig"; path = "Target Support Files/Pods-SwiftUIAnimations/Pods-SwiftUIAnimations.release.xcconfig"; sourceTree = "<group>"; };
		8F162DE1EF1BB98C93E0AE64 /* Pods_SwiftUIAnimations.framework */ = {isa = PBXFileReference; explicitFileType = wrapper.framework; includeInIndex = 0; path = Pods_SwiftUIAnimations.framework; sourceTree = BUILT_PRODUCTS_DIR; };
		A101BF0025AB831B008D90A0 /* CircularPath.swift */ = {isa = PBXFileReference; lastKnownFileType = sourcecode.swift; path = CircularPath.swift; sourceTree = "<group>"; };
		A107C62B25A3760E00A46F9A /* SwiftUIAnimations.app */ = {isa = PBXFileReference; explicitFileType = wrapper.application; includeInIndex = 0; path = SwiftUIAnimations.app; sourceTree = BUILT_PRODUCTS_DIR; };
		A107C62E25A3760E00A46F9A /* SwiftUIAnimationsApp.swift */ = {isa = PBXFileReference; lastKnownFileType = sourcecode.swift; path = SwiftUIAnimationsApp.swift; sourceTree = "<group>"; };
		A107C63025A3760E00A46F9A /* OpacityAnimation.swift */ = {isa = PBXFileReference; lastKnownFileType = sourcecode.swift; path = OpacityAnimation.swift; sourceTree = "<group>"; };
		A107C63225A3761000A46F9A /* Assets.xcassets */ = {isa = PBXFileReference; lastKnownFileType = folder.assetcatalog; path = Assets.xcassets; sourceTree = "<group>"; };
		A107C63525A3761000A46F9A /* Preview Assets.xcassets */ = {isa = PBXFileReference; lastKnownFileType = folder.assetcatalog; path = "Preview Assets.xcassets"; sourceTree = "<group>"; };
		A107C63725A3761000A46F9A /* Info.plist */ = {isa = PBXFileReference; lastKnownFileType = text.plist.xml; path = Info.plist; sourceTree = "<group>"; };
		A107C64425A3835300A46F9A /* ShapeAnimation.swift */ = {isa = PBXFileReference; lastKnownFileType = sourcecode.swift; path = ShapeAnimation.swift; sourceTree = "<group>"; };
		A121DABC25ACB6510055601A /* Counter.swift */ = {isa = PBXFileReference; lastKnownFileType = sourcecode.swift; path = Counter.swift; sourceTree = "<group>"; };
		A15BAA4125A6690700E18A70 /* LoadingSpinner.swift */ = {isa = PBXFileReference; lastKnownFileType = sourcecode.swift; path = LoadingSpinner.swift; sourceTree = "<group>"; };
		A15BAA4425A66D6E00E18A70 /* ProgressCircle.swift */ = {isa = PBXFileReference; lastKnownFileType = sourcecode.swift; path = ProgressCircle.swift; sourceTree = "<group>"; };
		A19849D025A3CF71001C9D73 /* NewYearAnimation.swift */ = {isa = PBXFileReference; lastKnownFileType = sourcecode.swift; path = NewYearAnimation.swift; sourceTree = "<group>"; };
		A19849D625A3D84F001C9D73 /* LottieView.swift */ = {isa = PBXFileReference; fileEncoding = 4; lastKnownFileType = sourcecode.swift; path = LottieView.swift; sourceTree = "<group>"; };
		A19849E325A3DE10001C9D73 /* fireworks3.json */ = {isa = PBXFileReference; fileEncoding = 4; lastKnownFileType = text.json; path = fireworks3.json; sourceTree = "<group>"; };
		A1DCC93E25A4F3C200E0EDA9 /* TimerWithCombine.swift */ = {isa = PBXFileReference; fileEncoding = 4; lastKnownFileType = sourcecode.swift; path = TimerWithCombine.swift; sourceTree = "<group>"; };
		A1F5A66B25AF93AC00A86C9C /* PopularityView.swift */ = {isa = PBXFileReference; lastKnownFileType = sourcecode.swift; path = PopularityView.swift; sourceTree = "<group>"; };
/* End PBXFileReference section */

/* Begin PBXFrameworksBuildPhase section */
		A107C62825A3760E00A46F9A /* Frameworks */ = {
			isa = PBXFrameworksBuildPhase;
			buildActionMask = 2147483647;
			files = (
				93ABC30EEFCD3B8D6E3A3063 /* Pods_SwiftUIAnimations.framework in Frameworks */,
			);
			runOnlyForDeploymentPostprocessing = 0;
		};
/* End PBXFrameworksBuildPhase section */

/* Begin PBXGroup section */
		24EAEF47D9D0667760FDBB2C /* Pods */ = {
			isa = PBXGroup;
			children = (
				0CB0439BDFDAC12AD111BCEF /* Pods-SwiftUIAnimations.debug.xcconfig */,
				17CF496C294990B7252382B4 /* Pods-SwiftUIAnimations.release.xcconfig */,
			);
			path = Pods;
			sourceTree = "<group>";
		};
		5C2AC6370BCA5BC8BFF2218C /* Frameworks */ = {
			isa = PBXGroup;
			children = (
				8F162DE1EF1BB98C93E0AE64 /* Pods_SwiftUIAnimations.framework */,
			);
			name = Frameworks;
			sourceTree = "<group>";
		};
		A107C62225A3760E00A46F9A = {
			isa = PBXGroup;
			children = (
				A107C62D25A3760E00A46F9A /* SwiftUIAnimations */,
				A107C62C25A3760E00A46F9A /* Products */,
				24EAEF47D9D0667760FDBB2C /* Pods */,
				5C2AC6370BCA5BC8BFF2218C /* Frameworks */,
			);
			sourceTree = "<group>";
		};
		A107C62C25A3760E00A46F9A /* Products */ = {
			isa = PBXGroup;
			children = (
				A107C62B25A3760E00A46F9A /* SwiftUIAnimations.app */,
			);
			name = Products;
			sourceTree = "<group>";
		};
		A107C62D25A3760E00A46F9A /* SwiftUIAnimations */ = {
			isa = PBXGroup;
			children = (
				A107C62E25A3760E00A46F9A /* SwiftUIAnimationsApp.swift */,
				A121DABF25ACB6760055601A /* ViewModels */,
				A15BAA3E25A61D1400E18A70 /* Group1 */,
				A16779E925A4E5A30054B3BB /* SupportingFiles */,
				A107C63225A3761000A46F9A /* Assets.xcassets */,
				A107C63725A3761000A46F9A /* Info.plist */,
				A107C63425A3761000A46F9A /* Preview Content */,
			);
			path = SwiftUIAnimations;
			sourceTree = "<group>";
		};
		A107C63425A3761000A46F9A /* Preview Content */ = {
			isa = PBXGroup;
			children = (
				A107C63525A3761000A46F9A /* Preview Assets.xcassets */,
			);
			path = "Preview Content";
			sourceTree = "<group>";
		};
		A121DABF25ACB6760055601A /* ViewModels */ = {
			isa = PBXGroup;
			children = (
				A121DABC25ACB6510055601A /* Counter.swift */,
			);
			path = ViewModels;
			sourceTree = "<group>";
		};
		A15BAA3E25A61D1400E18A70 /* Group1 */ = {
			isa = PBXGroup;
			children = (
				A107C63025A3760E00A46F9A /* OpacityAnimation.swift */,
				A107C64425A3835300A46F9A /* ShapeAnimation.swift */,
				A19849D025A3CF71001C9D73 /* NewYearAnimation.swift */,
				A1DCC93E25A4F3C200E0EDA9 /* TimerWithCombine.swift */,
				A15BAA4125A6690700E18A70 /* LoadingSpinner.swift */,
				A15BAA4425A66D6E00E18A70 /* ProgressCircle.swift */,
				A101BF0025AB831B008D90A0 /* CircularPath.swift */,
				A1F5A66B25AF93AC00A86C9C /* PopularityView.swift */,
			);
			path = Group1;
			sourceTree = "<group>";
		};
		A16779E925A4E5A30054B3BB /* SupportingFiles */ = {
			isa = PBXGroup;
			children = (
				A19849E325A3DE10001C9D73 /* fireworks3.json */,
				A19849D625A3D84F001C9D73 /* LottieView.swift */,
			);
			path = SupportingFiles;
			sourceTree = "<group>";
		};
/* End PBXGroup section */

/* Begin PBXNativeTarget section */
		A107C62A25A3760E00A46F9A /* SwiftUIAnimations */ = {
			isa = PBXNativeTarget;
			buildConfigurationList = A107C63A25A3761000A46F9A /* Build configuration list for PBXNativeTarget "SwiftUIAnimations" */;
			buildPhases = (
				851DDFA631B08BD84B9558C2 /* [CP] Check Pods Manifest.lock */,
				A107C62725A3760E00A46F9A /* Sources */,
				A107C62825A3760E00A46F9A /* Frameworks */,
				A107C62925A3760E00A46F9A /* Resources */,
				0B3F85AE90B9E71084C28CE2 /* [CP] Embed Pods Frameworks */,
			);
			buildRules = (
			);
			dependencies = (
			);
			name = SwiftUIAnimations;
			productName = SwiftUIAnimations;
			productReference = A107C62B25A3760E00A46F9A /* SwiftUIAnimations.app */;
			productType = "com.apple.product-type.application";
		};
/* End PBXNativeTarget section */

/* Begin PBXProject section */
		A107C62325A3760E00A46F9A /* Project object */ = {
			isa = PBXProject;
			attributes = {
				LastSwiftUpdateCheck = 1230;
				LastUpgradeCheck = 1230;
				TargetAttributes = {
					A107C62A25A3760E00A46F9A = {
						CreatedOnToolsVersion = 12.3;
					};
				};
			};
			buildConfigurationList = A107C62625A3760E00A46F9A /* Build configuration list for PBXProject "SwiftUIAnimations" */;
			compatibilityVersion = "Xcode 9.3";
			developmentRegion = en;
			hasScannedForEncodings = 0;
			knownRegions = (
				en,
				Base,
			);
			mainGroup = A107C62225A3760E00A46F9A;
			productRefGroup = A107C62C25A3760E00A46F9A /* Products */;
			projectDirPath = "";
			projectRoot = "";
			targets = (
				A107C62A25A3760E00A46F9A /* SwiftUIAnimations */,
			);
		};
/* End PBXProject section */

/* Begin PBXResourcesBuildPhase section */
		A107C62925A3760E00A46F9A /* Resources */ = {
			isa = PBXResourcesBuildPhase;
			buildActionMask = 2147483647;
			files = (
				A19849E425A3DE10001C9D73 /* fireworks3.json in Resources */,
				A107C63625A3761000A46F9A /* Preview Assets.xcassets in Resources */,
				A107C63325A3761000A46F9A /* Assets.xcassets in Resources */,
			);
			runOnlyForDeploymentPostprocessing = 0;
		};
/* End PBXResourcesBuildPhase section */

/* Begin PBXShellScriptBuildPhase section */
		0B3F85AE90B9E71084C28CE2 /* [CP] Embed Pods Frameworks */ = {
			isa = PBXShellScriptBuildPhase;
			buildActionMask = 2147483647;
			files = (
			);
			inputFileListPaths = (
				"${PODS_ROOT}/Target Support Files/Pods-SwiftUIAnimations/Pods-SwiftUIAnimations-frameworks-${CONFIGURATION}-input-files.xcfilelist",
			);
			name = "[CP] Embed Pods Frameworks";
			outputFileListPaths = (
				"${PODS_ROOT}/Target Support Files/Pods-SwiftUIAnimations/Pods-SwiftUIAnimations-frameworks-${CONFIGURATION}-output-files.xcfilelist",
			);
			runOnlyForDeploymentPostprocessing = 0;
			shellPath = /bin/sh;
			shellScript = "\"${PODS_ROOT}/Target Support Files/Pods-SwiftUIAnimations/Pods-SwiftUIAnimations-frameworks.sh\"\n";
			showEnvVarsInLog = 0;
		};
		851DDFA631B08BD84B9558C2 /* [CP] Check Pods Manifest.lock */ = {
			isa = PBXShellScriptBuildPhase;
			buildActionMask = 2147483647;
			files = (
			);
			inputFileListPaths = (
			);
			inputPaths = (
				"${PODS_PODFILE_DIR_PATH}/Podfile.lock",
				"${PODS_ROOT}/Manifest.lock",
			);
			name = "[CP] Check Pods Manifest.lock";
			outputFileListPaths = (
			);
			outputPaths = (
				"$(DERIVED_FILE_DIR)/Pods-SwiftUIAnimations-checkManifestLockResult.txt",
			);
			runOnlyForDeploymentPostprocessing = 0;
			shellPath = /bin/sh;
			shellScript = "diff \"${PODS_PODFILE_DIR_PATH}/Podfile.lock\" \"${PODS_ROOT}/Manifest.lock\" > /dev/null\nif [ $? != 0 ] ; then\n    # print error to STDERR\n    echo \"error: The sandbox is not in sync with the Podfile.lock. Run 'pod install' or update your CocoaPods installation.\" >&2\n    exit 1\nfi\n# This output is used by Xcode 'outputs' to avoid re-running this script phase.\necho \"SUCCESS\" > \"${SCRIPT_OUTPUT_FILE_0}\"\n";
			showEnvVarsInLog = 0;
		};
/* End PBXShellScriptBuildPhase section */

/* Begin PBXSourcesBuildPhase section */
		A107C62725A3760E00A46F9A /* Sources */ = {
			isa = PBXSourcesBuildPhase;
			buildActionMask = 2147483647;
			files = (
				A121DABD25ACB6510055601A /* Counter.swift in Sources */,
				A107C64525A3835300A46F9A /* ShapeAnimation.swift in Sources */,
				A107C63125A3760E00A46F9A /* OpacityAnimation.swift in Sources */,
				A1DCC93F25A4F3C200E0EDA9 /* TimerWithCombine.swift in Sources */,
				A19849D725A3D84F001C9D73 /* LottieView.swift in Sources */,
				A19849D125A3CF71001C9D73 /* NewYearAnimation.swift in Sources */,
				A101BF0125AB831B008D90A0 /* CircularPath.swift in Sources */,
				A15BAA4225A6690700E18A70 /* LoadingSpinner.swift in Sources */,
				A15BAA4525A66D6E00E18A70 /* ProgressCircle.swift in Sources */,
				A107C62F25A3760E00A46F9A /* SwiftUIAnimationsApp.swift in Sources */,
				A1F5A66C25AF93AC00A86C9C /* PopularityView.swift in Sources */,
			);
			runOnlyForDeploymentPostprocessing = 0;
		};
/* End PBXSourcesBuildPhase section */

/* Begin XCBuildConfiguration section */
		A107C63825A3761000A46F9A /* Debug */ = {
			isa = XCBuildConfiguration;
			buildSettings = {
				ALWAYS_SEARCH_USER_PATHS = NO;
				CLANG_ANALYZER_NONNULL = YES;
				CLANG_ANALYZER_NUMBER_OBJECT_CONVERSION = YES_AGGRESSIVE;
				CLANG_CXX_LANGUAGE_STANDARD = "gnu++14";
				CLANG_CXX_LIBRARY = "libc++";
				CLANG_ENABLE_MODULES = YES;
				CLANG_ENABLE_OBJC_ARC = YES;
				CLANG_ENABLE_OBJC_WEAK = YES;
				CLANG_WARN_BLOCK_CAPTURE_AUTORELEASING = YES;
				CLANG_WARN_BOOL_CONVERSION = YES;
				CLANG_WARN_COMMA = YES;
				CLANG_WARN_CONSTANT_CONVERSION = YES;
				CLANG_WARN_DEPRECATED_OBJC_IMPLEMENTATIONS = YES;
				CLANG_WARN_DIRECT_OBJC_ISA_USAGE = YES_ERROR;
				CLANG_WARN_DOCUMENTATION_COMMENTS = YES;
				CLANG_WARN_EMPTY_BODY = YES;
				CLANG_WARN_ENUM_CONVERSION = YES;
				CLANG_WARN_INFINITE_RECURSION = YES;
				CLANG_WARN_INT_CONVERSION = YES;
				CLANG_WARN_NON_LITERAL_NULL_CONVERSION = YES;
				CLANG_WARN_OBJC_IMPLICIT_RETAIN_SELF = YES;
				CLANG_WARN_OBJC_LITERAL_CONVERSION = YES;
				CLANG_WARN_OBJC_ROOT_CLASS = YES_ERROR;
				CLANG_WARN_QUOTED_INCLUDE_IN_FRAMEWORK_HEADER = YES;
				CLANG_WARN_RANGE_LOOP_ANALYSIS = YES;
				CLANG_WARN_STRICT_PROTOTYPES = YES;
				CLANG_WARN_SUSPICIOUS_MOVE = YES;
				CLANG_WARN_UNGUARDED_AVAILABILITY = YES_AGGRESSIVE;
				CLANG_WARN_UNREACHABLE_CODE = YES;
				CLANG_WARN__DUPLICATE_METHOD_MATCH = YES;
				COPY_PHASE_STRIP = NO;
				DEBUG_INFORMATION_FORMAT = dwarf;
				ENABLE_STRICT_OBJC_MSGSEND = YES;
				ENABLE_TESTABILITY = YES;
				GCC_C_LANGUAGE_STANDARD = gnu11;
				GCC_DYNAMIC_NO_PIC = NO;
				GCC_NO_COMMON_BLOCKS = YES;
				GCC_OPTIMIZATION_LEVEL = 0;
				GCC_PREPROCESSOR_DEFINITIONS = (
					"DEBUG=1",
					"$(inherited)",
				);
				GCC_WARN_64_TO_32_BIT_CONVERSION = YES;
				GCC_WARN_ABOUT_RETURN_TYPE = YES_ERROR;
				GCC_WARN_UNDECLARED_SELECTOR = YES;
				GCC_WARN_UNINITIALIZED_AUTOS = YES_AGGRESSIVE;
				GCC_WARN_UNUSED_FUNCTION = YES;
				GCC_WARN_UNUSED_VARIABLE = YES;
				IPHONEOS_DEPLOYMENT_TARGET = 14.3;
				MTL_ENABLE_DEBUG_INFO = INCLUDE_SOURCE;
				MTL_FAST_MATH = YES;
				ONLY_ACTIVE_ARCH = YES;
				SDKROOT = iphoneos;
				SWIFT_ACTIVE_COMPILATION_CONDITIONS = DEBUG;
				SWIFT_OPTIMIZATION_LEVEL = "-Onone";
			};
			name = Debug;
		};
		A107C63925A3761000A46F9A /* Release */ = {
			isa = XCBuildConfiguration;
			buildSettings = {
				ALWAYS_SEARCH_USER_PATHS = NO;
				CLANG_ANALYZER_NONNULL = YES;
				CLANG_ANALYZER_NUMBER_OBJECT_CONVERSION = YES_AGGRESSIVE;
				CLANG_CXX_LANGUAGE_STANDARD = "gnu++14";
				CLANG_CXX_LIBRARY = "libc++";
				CLANG_ENABLE_MODULES = YES;
				CLANG_ENABLE_OBJC_ARC = YES;
				CLANG_ENABLE_OBJC_WEAK = YES;
				CLANG_WARN_BLOCK_CAPTURE_AUTORELEASING = YES;
				CLANG_WARN_BOOL_CONVERSION = YES;
				CLANG_WARN_COMMA = YES;
				CLANG_WARN_CONSTANT_CONVERSION = YES;
				CLANG_WARN_DEPRECATED_OBJC_IMPLEMENTATIONS = YES;
				CLANG_WARN_DIRECT_OBJC_ISA_USAGE = YES_ERROR;
				CLANG_WARN_DOCUMENTATION_COMMENTS = YES;
				CLANG_WARN_EMPTY_BODY = YES;
				CLANG_WARN_ENUM_CONVERSION = YES;
				CLANG_WARN_INFINITE_RECURSION = YES;
				CLANG_WARN_INT_CONVERSION = YES;
				CLANG_WARN_NON_LITERAL_NULL_CONVERSION = YES;
				CLANG_WARN_OBJC_IMPLICIT_RETAIN_SELF = YES;
				CLANG_WARN_OBJC_LITERAL_CONVERSION = YES;
				CLANG_WARN_OBJC_ROOT_CLASS = YES_ERROR;
				CLANG_WARN_QUOTED_INCLUDE_IN_FRAMEWORK_HEADER = YES;
				CLANG_WARN_RANGE_LOOP_ANALYSIS = YES;
				CLANG_WARN_STRICT_PROTOTYPES = YES;
				CLANG_WARN_SUSPICIOUS_MOVE = YES;
				CLANG_WARN_UNGUARDED_AVAILABILITY = YES_AGGRESSIVE;
				CLANG_WARN_UNREACHABLE_CODE = YES;
				CLANG_WARN__DUPLICATE_METHOD_MATCH = YES;
				COPY_PHASE_STRIP = NO;
				DEBUG_INFORMATION_FORMAT = "dwarf-with-dsym";
				ENABLE_NS_ASSERTIONS = NO;
				ENABLE_STRICT_OBJC_MSGSEND = YES;
				GCC_C_LANGUAGE_STANDARD = gnu11;
				GCC_NO_COMMON_BLOCKS = YES;
				GCC_WARN_64_TO_32_BIT_CONVERSION = YES;
				GCC_WARN_ABOUT_RETURN_TYPE = YES_ERROR;
				GCC_WARN_UNDECLARED_SELECTOR = YES;
				GCC_WARN_UNINITIALIZED_AUTOS = YES_AGGRESSIVE;
				GCC_WARN_UNUSED_FUNCTION = YES;
				GCC_WARN_UNUSED_VARIABLE = YES;
				IPHONEOS_DEPLOYMENT_TARGET = 14.3;
				MTL_ENABLE_DEBUG_INFO = NO;
				MTL_FAST_MATH = YES;
				SDKROOT = iphoneos;
				SWIFT_COMPILATION_MODE = wholemodule;
				SWIFT_OPTIMIZATION_LEVEL = "-O";
				VALIDATE_PRODUCT = YES;
			};
			name = Release;
		};
		A107C63B25A3761000A46F9A /* Debug */ = {
			isa = XCBuildConfiguration;
			baseConfigurationReference = 0CB0439BDFDAC12AD111BCEF /* Pods-SwiftUIAnimations.debug.xcconfig */;
			buildSettings = {
				ASSETCATALOG_COMPILER_APPICON_NAME = AppIcon;
				ASSETCATALOG_COMPILER_GLOBAL_ACCENT_COLOR_NAME = AccentColor;
				CODE_SIGN_STYLE = Automatic;
				DEVELOPMENT_ASSET_PATHS = "\"SwiftUIAnimations/Preview Content\"";
				DEVELOPMENT_TEAM = 48AX4GN775;
				ENABLE_PREVIEWS = YES;
				INFOPLIST_FILE = SwiftUIAnimations/Info.plist;
				IPHONEOS_DEPLOYMENT_TARGET = 14.0;
				LD_RUNPATH_SEARCH_PATHS = (
					"$(inherited)",
					"@executable_path/Frameworks",
				);
				PRODUCT_BUNDLE_IDENTIFIER = sajan.SwiftUIAnimations;
				PRODUCT_NAME = "$(TARGET_NAME)";
				SWIFT_VERSION = 5.0;
				TARGETED_DEVICE_FAMILY = "1,2";
			};
			name = Debug;
		};
		A107C63C25A3761000A46F9A /* Release */ = {
			isa = XCBuildConfiguration;
			baseConfigurationReference = 17CF496C294990B7252382B4 /* Pods-SwiftUIAnimations.release.xcconfig */;
			buildSettings = {
				ASSETCATALOG_COMPILER_APPICON_NAME = AppIcon;
				ASSETCATALOG_COMPILER_GLOBAL_ACCENT_COLOR_NAME = AccentColor;
				CODE_SIGN_STYLE = Automatic;
				DEVELOPMENT_ASSET_PATHS = "\"SwiftUIAnimations/Preview Content\"";
				DEVELOPMENT_TEAM = 48AX4GN775;
				ENABLE_PREVIEWS = YES;
				INFOPLIST_FILE = SwiftUIAnimations/Info.plist;
				IPHONEOS_DEPLOYMENT_TARGET = 14.0;
				LD_RUNPATH_SEARCH_PATHS = (
					"$(inherited)",
					"@executable_path/Frameworks",
				);
				PRODUCT_BUNDLE_IDENTIFIER = sajan.SwiftUIAnimations;
				PRODUCT_NAME = "$(TARGET_NAME)";
				SWIFT_VERSION = 5.0;
				TARGETED_DEVICE_FAMILY = "1,2";
			};
			name = Release;
		};
/* End XCBuildConfiguration section */

/* Begin XCConfigurationList section */
		A107C62625A3760E00A46F9A /* Build configuration list for PBXProject "SwiftUIAnimations" */ = {
			isa = XCConfigurationList;
			buildConfigurations = (
				A107C63825A3761000A46F9A /* Debug */,
				A107C63925A3761000A46F9A /* Release */,
			);
			defaultConfigurationIsVisible = 0;
			defaultConfigurationName = Release;
		};
		A107C63A25A3761000A46F9A /* Build configuration list for PBXNativeTarget "SwiftUIAnimations" */ = {
			isa = XCConfigurationList;
			buildConfigurations = (
				A107C63B25A3761000A46F9A /* Debug */,
				A107C63C25A3761000A46F9A /* Release */,
			);
			defaultConfigurationIsVisible = 0;
			defaultConfigurationName = Release;
		};
/* End XCConfigurationList section */
	};
	rootObject = A107C62325A3760E00A46F9A /* Project object */;
}
